
Microsoft Visual Studio Solution File, Format Version 12.00
# Visual Studio Version 17
VisualStudioVersion = 17.0.31903.59
MinimumVisualStudioVersion = 10.0.40219.1
Project("{FAE04EC0-301F-11D3-BF4B-00C04F79EFBC}") = "Dapr.PluggableComponents", "Dapr.PluggableComponents\Dapr.PluggableComponents.csproj", "{564281B0-DAAF-4CA9-B470-F2303DFADC27}"
EndProject
Project("{FAE04EC0-301F-11D3-BF4B-00C04F79EFBC}") = "Dapr.PluggableComponents.AspNetCore", "Dapr.PluggableComponents.AspNetCore\Dapr.PluggableComponents.AspNetCore.csproj", "{F8E0AAC3-6E11-48B6-9548-BD172322E3DB}"
EndProject
Global
	GlobalSection(SolutionConfigurationPlatforms) = preSolution
		Debug|Any CPU = Debug|Any CPU
		Release|Any CPU = Release|Any CPU
	EndGlobalSection
	GlobalSection(SolutionProperties) = preSolution
		HideSolutionNode = FALSE
	EndGlobalSection
	GlobalSection(ProjectConfigurationPlatforms) = postSolution
		{564281B0-DAAF-4CA9-B470-F2303DFADC27}.Debug|Any CPU.ActiveCfg = Debug|Any CPU
		{564281B0-DAAF-4CA9-B470-F2303DFADC27}.Debug|Any CPU.Build.0 = Debug|Any CPU
		{564281B0-DAAF-4CA9-B470-F2303DFADC27}.Release|Any CPU.ActiveCfg = Release|Any CPU
		{564281B0-DAAF-4CA9-B470-F2303DFADC27}.Release|Any CPU.Build.0 = Release|Any CPU
		{F8E0AAC3-6E11-48B6-9548-BD172322E3DB}.Debug|Any CPU.ActiveCfg = Debug|Any CPU
		{F8E0AAC3-6E11-48B6-9548-BD172322E3DB}.Debug|Any CPU.Build.0 = Debug|Any CPU
		{F8E0AAC3-6E11-48B6-9548-BD172322E3DB}.Release|Any CPU.ActiveCfg = Release|Any CPU
		{F8E0AAC3-6E11-48B6-9548-BD172322E3DB}.Release|Any CPU.Build.0 = Release|Any CPU
	EndGlobalSection
EndGlobal
